
Microsoft Visual Studio Solution File, Format Version 12.00
# Visual Studio 15
VisualStudioVersion = 15.0.27428.2005
MinimumVisualStudioVersion = 10.0.40219.1
Project("{FAE04EC0-301F-11D3-BF4B-00C04F79EFBC}") = "xyyjs", "xyyjs.csproj", "{5F9A9D77-5B6B-454D-B117-DB6D7F983E29}"
EndProject
Project("{FAE04EC0-301F-11D3-BF4B-00C04F79EFBC}") = "TeamayBase", "..\TeamayBase\TeamayBase.csproj", "{83C727BF-DA78-45EC-BD60-23118EA73F46}"
EndProject
Global
	GlobalSection(SolutionConfigurationPlatforms) = preSolution
		Debug|Any CPU = Debug|Any CPU
		Debug|Mixed Platforms = Debug|Mixed Platforms
		Debug|x86 = Debug|x86
		Release|Any CPU = Release|Any CPU
		Release|Mixed Platforms = Release|Mixed Platforms
		Release|x86 = Release|x86
	EndGlobalSection
	GlobalSection(ProjectConfigurationPlatforms) = postSolution
		{5F9A9D77-5B6B-454D-B117-DB6D7F983E29}.Debug|Any CPU.ActiveCfg = Debug|Any CPU
		{5F9A9D77-5B6B-454D-B117-DB6D7F983E29}.Debug|Any CPU.Build.0 = Debug|Any CPU
		{5F9A9D77-5B6B-454D-B117-DB6D7F983E29}.Debug|Mixed Platforms.ActiveCfg = Debug|Any CPU
		{5F9A9D77-5B6B-454D-B117-DB6D7F983E29}.Debug|Mixed Platforms.Build.0 = Debug|Any CPU
		{5F9A9D77-5B6B-454D-B117-DB6D7F983E29}.Debug|x86.ActiveCfg = Debug|Any CPU
		{5F9A9D77-5B6B-454D-B117-DB6D7F983E29}.Release|Any CPU.ActiveCfg = Release|Any CPU
		{5F9A9D77-5B6B-454D-B117-DB6D7F983E29}.Release|Any CPU.Build.0 = Release|Any CPU
		{5F9A9D77-5B6B-454D-B117-DB6D7F983E29}.Release|Mixed Platforms.ActiveCfg = Release|Any CPU
		{5F9A9D77-5B6B-454D-B117-DB6D7F983E29}.Release|Mixed Platforms.Build.0 = Release|Any CPU
		{5F9A9D77-5B6B-454D-B117-DB6D7F983E29}.Release|x86.ActiveCfg = Release|Any CPU
		{83C727BF-DA78-45EC-BD60-23118EA73F46}.Debug|Any CPU.ActiveCfg = Debug|Any CPU
		{83C727BF-DA78-45EC-BD60-23118EA73F46}.Debug|Any CPU.Build.0 = Debug|Any CPU
		{83C727BF-DA78-45EC-BD60-23118EA73F46}.Debug|Mixed Platforms.ActiveCfg = Debug|Any CPU
		{83C727BF-DA78-45EC-BD60-23118EA73F46}.Debug|Mixed Platforms.Build.0 = Debug|Any CPU
		{83C727BF-DA78-45EC-BD60-23118EA73F46}.Debug|x86.ActiveCfg = Debug|Any CPU
		{83C727BF-DA78-45EC-BD60-23118EA73F46}.Release|Any CPU.ActiveCfg = Release|Any CPU
		{83C727BF-DA78-45EC-BD60-23118EA73F46}.Release|Any CPU.Build.0 = Release|Any CPU
		{83C727BF-DA78-45EC-BD60-23118EA73F46}.Release|Mixed Platforms.ActiveCfg = Release|Any CPU
		{83C727BF-DA78-45EC-BD60-23118EA73F46}.Release|Mixed Platforms.Build.0 = Release|Any CPU
		{83C727BF-DA78-45EC-BD60-23118EA73F46}.Release|x86.ActiveCfg = Release|Any CPU
	EndGlobalSection
	GlobalSection(SolutionProperties) = preSolution
		HideSolutionNode = FALSE
	EndGlobalSection
	GlobalSection(ExtensibilityGlobals) = postSolution
		SolutionGuid = {3452C20D-9844-44DE-9CA3-43CAAD2FD300}
	EndGlobalSection
EndGlobal
